
Microsoft Visual Studio Solution File, Format Version 12.00
# Visual Studio Version 16
VisualStudioVersion = 16.0.31624.102
MinimumVisualStudioVersion = 10.0.40219.1
Project("{FAE04EC0-301F-11D3-BF4B-00C04F79EFBC}") = "CRUD", "CRUD.csproj", "{1F697B9E-51F3-4605-9722-E1D576DFC971}"
EndProject
Global
	GlobalSection(SolutionConfigurationPlatforms) = preSolution
		Debug|Any CPU = Debug|Any CPU
		Release|Any CPU = Release|Any CPU
	EndGlobalSection
	GlobalSection(ProjectConfigurationPlatforms) = postSolution
		{1F697B9E-51F3-4605-9722-E1D576DFC971}.Debug|Any CPU.ActiveCfg = Debug|Any CPU
		{1F697B9E-51F3-4605-9722-E1D576DFC971}.Debug|Any CPU.Build.0 = Debug|Any CPU
		{1F697B9E-51F3-4605-9722-E1D576DFC971}.Release|Any CPU.ActiveCfg = Release|Any CPU
		{1F697B9E-51F3-4605-9722-E1D576DFC971}.Release|Any CPU.Build.0 = Release|Any CPU
	EndGlobalSection
	GlobalSection(SolutionProperties) = preSolution
		HideSolutionNode = FALSE
	EndGlobalSection
	GlobalSection(ExtensibilityGlobals) = postSolution
		SolutionGuid = {666D0C57-B5CE-4A7B-A860-BAC51BEA5AC3}
	EndGlobalSection
EndGlobal
